
Microsoft Visual Studio Solution File, Format Version 12.00
# Visual Studio Version 17
VisualStudioVersion = 17.11.35312.102
MinimumVisualStudioVersion = 10.0.40219.1
Project("{FAE04EC0-301F-11D3-BF4B-00C04F79EFBC}") = "WpfCalculator", "WpfCalculator.csproj", "{9C66D05E-B746-4026-89A7-732F0D156E9F}"
EndProject
Global
	GlobalSection(SolutionConfigurationPlatforms) = preSolution
		Debug|Any CPU = Debug|Any CPU
		Release|Any CPU = Release|Any CPU
	EndGlobalSection
	GlobalSection(ProjectConfigurationPlatforms) = postSolution
		{9C66D05E-B746-4026-89A7-732F0D156E9F}.Debug|Any CPU.ActiveCfg = Debug|Any CPU
		{9C66D05E-B746-4026-89A7-732F0D156E9F}.Debug|Any CPU.Build.0 = Debug|Any CPU
		{9C66D05E-B746-4026-89A7-732F0D156E9F}.Release|Any CPU.ActiveCfg = Release|Any CPU
		{9C66D05E-B746-4026-89A7-732F0D156E9F}.Release|Any CPU.Build.0 = Release|Any CPU
	EndGlobalSection
	GlobalSection(SolutionProperties) = preSolution
		HideSolutionNode = FALSE
	EndGlobalSection
	GlobalSection(ExtensibilityGlobals) = postSolution
		SolutionGuid = {E40C5E14-ACD7-4E86-9876-28FB6FF00CBC}
	EndGlobalSection
EndGlobal
